
Microsoft Visual Studio Solution File, Format Version 12.00
# Visual Studio Version 17
VisualStudioVersion = 17.1.32210.238
MinimumVisualStudioVersion = 10.0.40219.1
Project("{FAE04EC0-301F-11D3-BF4B-00C04F79EFBC}") = "CMSWindowsFormsApp1", "CMSWindowsFormsApp1\CMSWindowsFormsApp1.csproj", "{C39BCA5C-AE48-4C99-AEE6-AE06C473C077}"
EndProject
Global
	GlobalSection(SolutionConfigurationPlatforms) = preSolution
		Debug|Any CPU = Debug|Any CPU
		Release|Any CPU = Release|Any CPU
	EndGlobalSection
	GlobalSection(ProjectConfigurationPlatforms) = postSolution
		{C39BCA5C-AE48-4C99-AEE6-AE06C473C077}.Debug|Any CPU.ActiveCfg = Debug|Any CPU
		{C39BCA5C-AE48-4C99-AEE6-AE06C473C077}.Debug|Any CPU.Build.0 = Debug|Any CPU
		{C39BCA5C-AE48-4C99-AEE6-AE06C473C077}.Release|Any CPU.ActiveCfg = Release|Any CPU
		{C39BCA5C-AE48-4C99-AEE6-AE06C473C077}.Release|Any CPU.Build.0 = Release|Any CPU
	EndGlobalSection
	GlobalSection(SolutionProperties) = preSolution
		HideSolutionNode = FALSE
	EndGlobalSection
	GlobalSection(ExtensibilityGlobals) = postSolution
		SolutionGuid = {CF5A27F9-809E-4A5E-B76D-9C6DF1AA4FA8}
	EndGlobalSection
EndGlobal
